
Microsoft Visual Studio Solution File, Format Version 12.00
# Visual Studio Version 17
VisualStudioVersion = 17.8.34525.116
MinimumVisualStudioVersion = 10.0.40219.1
Project("{9A19103F-16F7-4668-BE54-9A1E7A4F7556}") = "Mission6_Diaz", "Mission6\Mission6_Diaz.csproj", "{5154B6F0-6963-4379-8640-28531E64C43B}"
EndProject
Global
	GlobalSection(SolutionConfigurationPlatforms) = preSolution
		Debug|Any CPU = Debug|Any CPU
		Release|Any CPU = Release|Any CPU
	EndGlobalSection
	GlobalSection(ProjectConfigurationPlatforms) = postSolution
		{5154B6F0-6963-4379-8640-28531E64C43B}.Debug|Any CPU.ActiveCfg = Debug|Any CPU
		{5154B6F0-6963-4379-8640-28531E64C43B}.Debug|Any CPU.Build.0 = Debug|Any CPU
		{5154B6F0-6963-4379-8640-28531E64C43B}.Release|Any CPU.ActiveCfg = Release|Any CPU
		{5154B6F0-6963-4379-8640-28531E64C43B}.Release|Any CPU.Build.0 = Release|Any CPU
	EndGlobalSection
	GlobalSection(SolutionProperties) = preSolution
		HideSolutionNode = FALSE
	EndGlobalSection
	GlobalSection(ExtensibilityGlobals) = postSolution
		SolutionGuid = {B2885779-65D5-4AE1-BC65-1A65DB6F70E5}
	EndGlobalSection
EndGlobal
